
Microsoft Visual Studio Solution File, Format Version 12.00
Project("{FAE04EC0-301F-11D3-BF4B-00C04F79EFBC}") = "TicketingSolution.Core.Test", "TicketingSolution.Core.Test\TicketingSolution.Core.Test.csproj", "{E3B00163-894A-4C40-B27A-2DF9949F170B}"
EndProject
Project("{FAE04EC0-301F-11D3-BF4B-00C04F79EFBC}") = "TicketingSolution.Core", "TicketingSolution.Core\TicketingSolution.Core.csproj", "{738C43DD-AB67-4BA3-9121-F1E34B4059A3}"
EndProject
Project("{FAE04EC0-301F-11D3-BF4B-00C04F79EFBC}") = "TicketingSolution.Domain", "TicketingSolution.Domain\TicketingSolution.Domain.csproj", "{FAD8AD15-F774-4F3C-BCB4-9C01103B2FE2}"
EndProject
Project("{FAE04EC0-301F-11D3-BF4B-00C04F79EFBC}") = "TicketingSolution.Persistence", "TicketingSolution.Persistence\TicketingSolution.Persistence.csproj", "{26C34197-215B-46F7-840D-73C2AE4086B2}"
EndProject
Project("{FAE04EC0-301F-11D3-BF4B-00C04F79EFBC}") = "TicketingSolution.Persistence.Test", "TicketingSolution.Persistence.Test\TicketingSolution.Persistence.Test.csproj", "{3F22D278-EABF-4B66-8D3A-30C4B7230008}"
EndProject
Project("{FAE04EC0-301F-11D3-BF4B-00C04F79EFBC}") = "TicketingSolution.API", "TicketingSolution.API\TicketingSolution.API.csproj", "{4EF9F05A-241C-44F8-A04A-F14E99DE8496}"
EndProject
Project("{FAE04EC0-301F-11D3-BF4B-00C04F79EFBC}") = "TicketingSolution.API.Test", "TicketingSolution.API.Test\TicketingSolution.API.Test.csproj", "{433008F6-72DC-4389-B884-5EA9B5BFA4FC}"
EndProject
Global
	GlobalSection(SolutionConfigurationPlatforms) = preSolution
		Debug|Any CPU = Debug|Any CPU
		Release|Any CPU = Release|Any CPU
	EndGlobalSection
	GlobalSection(ProjectConfigurationPlatforms) = postSolution
		{E3B00163-894A-4C40-B27A-2DF9949F170B}.Debug|Any CPU.ActiveCfg = Debug|Any CPU
		{E3B00163-894A-4C40-B27A-2DF9949F170B}.Debug|Any CPU.Build.0 = Debug|Any CPU
		{E3B00163-894A-4C40-B27A-2DF9949F170B}.Release|Any CPU.ActiveCfg = Release|Any CPU
		{E3B00163-894A-4C40-B27A-2DF9949F170B}.Release|Any CPU.Build.0 = Release|Any CPU
		{738C43DD-AB67-4BA3-9121-F1E34B4059A3}.Debug|Any CPU.ActiveCfg = Debug|Any CPU
		{738C43DD-AB67-4BA3-9121-F1E34B4059A3}.Debug|Any CPU.Build.0 = Debug|Any CPU
		{738C43DD-AB67-4BA3-9121-F1E34B4059A3}.Release|Any CPU.ActiveCfg = Release|Any CPU
		{738C43DD-AB67-4BA3-9121-F1E34B4059A3}.Release|Any CPU.Build.0 = Release|Any CPU
		{FAD8AD15-F774-4F3C-BCB4-9C01103B2FE2}.Debug|Any CPU.ActiveCfg = Debug|Any CPU
		{FAD8AD15-F774-4F3C-BCB4-9C01103B2FE2}.Debug|Any CPU.Build.0 = Debug|Any CPU
		{FAD8AD15-F774-4F3C-BCB4-9C01103B2FE2}.Release|Any CPU.ActiveCfg = Release|Any CPU
		{FAD8AD15-F774-4F3C-BCB4-9C01103B2FE2}.Release|Any CPU.Build.0 = Release|Any CPU
		{26C34197-215B-46F7-840D-73C2AE4086B2}.Debug|Any CPU.ActiveCfg = Debug|Any CPU
		{26C34197-215B-46F7-840D-73C2AE4086B2}.Debug|Any CPU.Build.0 = Debug|Any CPU
		{26C34197-215B-46F7-840D-73C2AE4086B2}.Release|Any CPU.ActiveCfg = Release|Any CPU
		{26C34197-215B-46F7-840D-73C2AE4086B2}.Release|Any CPU.Build.0 = Release|Any CPU
		{3F22D278-EABF-4B66-8D3A-30C4B7230008}.Debug|Any CPU.ActiveCfg = Debug|Any CPU
		{3F22D278-EABF-4B66-8D3A-30C4B7230008}.Debug|Any CPU.Build.0 = Debug|Any CPU
		{3F22D278-EABF-4B66-8D3A-30C4B7230008}.Release|Any CPU.ActiveCfg = Release|Any CPU
		{3F22D278-EABF-4B66-8D3A-30C4B7230008}.Release|Any CPU.Build.0 = Release|Any CPU
		{4EF9F05A-241C-44F8-A04A-F14E99DE8496}.Debug|Any CPU.ActiveCfg = Debug|Any CPU
		{4EF9F05A-241C-44F8-A04A-F14E99DE8496}.Debug|Any CPU.Build.0 = Debug|Any CPU
		{4EF9F05A-241C-44F8-A04A-F14E99DE8496}.Release|Any CPU.ActiveCfg = Release|Any CPU
		{4EF9F05A-241C-44F8-A04A-F14E99DE8496}.Release|Any CPU.Build.0 = Release|Any CPU
		{433008F6-72DC-4389-B884-5EA9B5BFA4FC}.Debug|Any CPU.ActiveCfg = Debug|Any CPU
		{433008F6-72DC-4389-B884-5EA9B5BFA4FC}.Debug|Any CPU.Build.0 = Debug|Any CPU
		{433008F6-72DC-4389-B884-5EA9B5BFA4FC}.Release|Any CPU.ActiveCfg = Release|Any CPU
		{433008F6-72DC-4389-B884-5EA9B5BFA4FC}.Release|Any CPU.Build.0 = Release|Any CPU
	EndGlobalSection
EndGlobal
